{
  "version": 4,
  "terraform_version": "1.12.2",
  "serial": 70,
  "lineage": "fc8c0eb0-cfad-b8cd-ab9d-faa222fb8931",
  "outputs": {
    "ec2_public_ip": {
      "value": "52.91.51.62",
      "type": "string"
    },
    "my_ip_used_for_ssh": {
      "value": "69.162.73.8/32",
      "type": "string"
    },
    "private_key_pem": {
      "value": "-----BEGIN RSA PRIVATE KEY-----\nMIIJKQIBAAKCAgEAssTvv7+FY3PxjMr1lq6tDhAe4yRKyNINT7StX97qA528u3cR\nIBhhhH6jrI5tPYL4eEiGfp0Z9X9agFJf0vrJPCNtuUzdfWmRxtZfXcNFDyui1+Qx\nSCID71Ci6w67rRId38pKp7HKVh+ZgLEATgEhEWISzvYsCkDTNcdNQKn+aNyX6jxC\naIHJTqPyxC//cpjGjlbXNDhGN/NP3TGdUb1OJcr4VLtw2vIrG0nY8z9Zlm7PSGxn\nTdJp/9LJ8KYnxPHa0B0KNVPYk6QxJtIQB+cqHwtj9yZL2Wl5qiFk7VBUY8FckdK0\nmbmjb3yZ88fyfLVVWv0sY0Flkg/oaw+p+MUN6XM4GTYmlvYIHshh9b0dLqOnUTYG\nDvHKNk+bfeY5MFE8nP33l2U1hQf6sqScVyBqVcoTuiLeMeYbj/MItBkxRwQeuetO\n3I1LKyM0w1iYD/uQfLySUDYLNi6MoJQRALgOtKiJYEgJOiqm9cHu2JOG+S5t0OCw\nKjmtSSC/6d6GMm24yDdUBJhigqxuyz86PMESI6ZgzkDGX6Av5LPGvOWAm7M5XMRB\nFYmGRKnD++OiB0vziJUU/ctmHolDofONcOoH/KvjpVCVeS+T2wlJPg4nhr167Ly7\n67xIiQJ8k4NydScZAxs7JAqx3icg4Epf6sFy/beivmCQyLULCtb+0AZaeGUCAwEA\nAQKCAgBBPhp5kn4t86yeQ5wpqApEbaG4KBCbBf4RrtDvgj1JoJG2oRfA7OT6I/W8\nDibUIi5oR5++KbvFmvr+hhGuwBQdPJjY3bKgCJ1JQgeAArn7dWNzAzbxKmjhOD6d\nJr1bxpbci8l/NiWwFMxC6VZBIaxd2bsfiTw9abcrk1cgWGoe/xL6S4+48FT1vGPn\nMdU6j4M3g3368ua9mLD2+xp9MGeK526GDfp8DZGp3eOtstsRSdOgjN+OyVIiKV3F\n0/4DpHjFJzQIjlcmWvANSPDM0ZLPzapoErPv3symSJW6/mwuE+2i0pFS4StCjujo\nzXo0BUHneSpv9vgIvIGIQSk5P0F564a/5/uHSGO9Gp3U6gPE+J7sp80dJDvBLltQ\nSvEHhG75UTno8AHyOWrvyonSJ5wRLVVlvDEU2vw4YJMa4c0Z3T9p3CMrJvAQUtjZ\nQISE6ZA+Y6joLfZT2vAiz9UCOWVVwc++rm/tHT5YdX3yvZphNcxpfkNfIM6xada/\nWPTa9Ye/odDJiz3gWpGvKJC9ZefumzjeIfdDhM9Uva9P39bkaUOz8GQkaHqfyVvq\nZSiMuSsx1vhKQxvof2BdbpIhVgHcway0Wofc03rnwDfvFMA/CrKt+KSFqmujMdi2\n7g/ht8qLu5pH5fm6QqKPjCUPIuTCLwxMkw1O+j7ZmSpoB4IsaQKCAQEA2O1lpvtf\nO5uJfxuAxQUO3KTfypEnS84fL7jun0jjUzJxK5GQNCVZEhaN5gRHXNFf2VLifvhW\nTKSfO6/XkoN/2UdwJtAr1xzobpMHQfG9NndmfwPy/jTyalvMsH44jopWxcZYbCN/\ntE3ePY3qPFd4OnY062xgAdbKQOTGQ8LoBCrnFbsnuZT/ybTrE5DUgst4qI8qLOTx\ni5h8/lttbOOF0/u43z9H0WyCyPJ71vyrIlOlujm4mtqG4U2uDFeXjSLSQNEHmvI8\nr6Qe9ch257RR2FU4oIHmMGZQLPoQ9715Eh0qsHXHBjCMrKVFmlhiGMXL1kn7em5l\n6nVFWjBTKeYR4wKCAQEA0vgOnVMVm3AkXQCBbeh78xCvo/5d/YcRQgtf91BYwBAP\nhTcPf40easISqWJjXMejye/s1keslxO0617ReHyL9AxSUESkvomhnLVMlsUXLGSs\nc2EnxzvGsjsVhYPnXlTf9e0L3CtN4EtfnafDNhm+/K8HBqi037sSUQfCRcFt4POy\nk6rvyxf3obxRpMJeFvWjko6EYxzGNcilEfVzfGT0eew38NKShgqOT2hKPlH7qky7\njQVthp5vLyImAXWZOkShYQR3UILa76NoTPYdQtea7f27Aql7W4iuz4RXs/w6UGfC\nsBs65JeUF20hq1W9Rsku17VpnphbTcmDNoH33Rg/FwKCAQEAnARJywoZ2UYpYtjG\nCW103e5a4lb5e0TZGzqXrMoAbVLnIB3GKCsAX8kG73r+VFxl4mkBa65yaxcvSv9S\nPRcEuaHuoIuyLDmnVfe7DYuuuWCwwAN4Haq4+xPhKMLvLF2EwSPBbq0taOFkSMMr\nx5BlcS6ZKwU8G7Z+qqOfkRa6Rl0Q7Ik5rfji6xCKzfypSxTKR/kHrVhP/UWECHB7\nSAhvtSHjOfVKUu4HNj1oIhyBfOPKWyCui/lFbv+ugUPyRNjZfTKZlLBKQ0z303AF\nTOpcvwmz+4TRqNe9LEwCLhwA2q1NibJ7nREH7BfF8pdEnmqMCygUjV6fQDxtz8rX\n1VeaXwKCAQEAzPFeuSSKO/rfyF0CXvPW3VRbW/Nx+SUp9b+5FTa/UK0Jdr77VkyP\nvOQVXukOX4YtLbHeoHb2SblCKthsoyBSkN0bZZCZfeOT1PkmktyZ221dPaSnENuX\n9XKCQLbXn4LSIkSKHfMPbxGprCzZ7YdrSmr5Z1WiiClh7MedyUfT5xC2bM9ErUX2\nMO8RXP3Yi3NK2MeMAgBk6MCm4uBPtQsZmAuKeG8HGiHNB4Tngsz/rvtlwuP/9yOY\nHPCOfSJxnPIo12eQRO0ppFxYqVL5MALlJccz0a01AcGxGDSXQmiHea6iqZN6TbCW\nk39XkuryuX4c/D3mgcO+Br34so3lbKnuNwKCAQBQXcmiwLQBRbzZMHYVJgv8WWW9\nuCndNAeC2C+JKUD9mVgZQZXo61HW1TsehuqFVU66UcSVCV3KuOkV7nzZewRCW/O6\naehAddRQRHSvEAlCabHDBtpobNMnbwEVQbDvttjkkcmBMdhgFaB3cWmSLBUQCxUD\nAFM5wYn3K7qIwM0/lfCNlHQ8dMpyXJv1Z8lpazkBKLdFkqxpaC27lSPjv7y80ZIY\nJSRD6ZanodZzgD/YPbQQqFz5+sWH6Y9L1j7k4jnOsijNpyBNWyNA99qOT73HMySs\nNzOSqXPH1pltJnN7Gb3hwZf2KTxnelTNKp1XeBTID4tj7eG981k9w4XCDQ9I\n-----END RSA PRIVATE KEY-----\n",
      "type": "string",
      "sensitive": true
    },
    "public_subnet_id": {
      "value": "subnet-09035b416c7045051",
      "type": "string"
    },
    "rds_endpoint": {
      "value": "terraform-20250809170250432500000001.cvmqoeu80z84.us-east-1.rds.amazonaws.com:5432",
      "type": "string"
    },
    "vpc_id": {
      "value": "vpc-0f4702ddbb66e2329",
      "type": "string"
    }
  },
  "resources": [
    {
      "mode": "managed",
      "type": "aws_db_instance",
      "name": "postgres",
      "provider": "provider[\"registry.terraform.io/hashicorp/aws\"]",
      "instances": [
        {
          "schema_version": 2,
          "attributes": {
            "address": "terraform-20250809170250432500000001.cvmqoeu80z84.us-east-1.rds.amazonaws.com",
            "allocated_storage": 20,
            "allow_major_version_upgrade": null,
            "apply_immediately": false,
            "arn": "arn:aws:rds:us-east-1:491377098012:db:terraform-20250809170250432500000001",
            "auto_minor_version_upgrade": true,
            "availability_zone": "us-east-1b",
            "backup_retention_period": 0,
            "backup_target": "region",
            "backup_window": "06:36-07:06",
            "blue_green_update": [],
            "ca_cert_identifier": "rds-ca-rsa2048-g1",
            "character_set_name": "",
            "copy_tags_to_snapshot": false,
            "custom_iam_instance_profile": "",
            "customer_owned_ip_enabled": false,
            "database_insights_mode": "standard",
            "db_name": "mydb",
            "db_subnet_group_name": "rds-subnet-group",
            "dedicated_log_volume": false,
            "delete_automated_backups": true,
            "deletion_protection": false,
            "domain": "",
            "domain_auth_secret_arn": "",
            "domain_dns_ips": [],
            "domain_fqdn": "",
            "domain_iam_role_name": "",
            "domain_ou": "",
            "enabled_cloudwatch_logs_exports": [],
            "endpoint": "terraform-20250809170250432500000001.cvmqoeu80z84.us-east-1.rds.amazonaws.com:5432",
            "engine": "postgres",
            "engine_lifecycle_support": "open-source-rds-extended-support",
            "engine_version": "15.13",
            "engine_version_actual": "15.13",
            "final_snapshot_identifier": null,
            "hosted_zone_id": "Z2R2ITUGPM61AM",
            "iam_database_authentication_enabled": false,
            "id": "db-RUFTXQHHXHNKTS4KA6SXSHU2FU",
            "identifier": "terraform-20250809170250432500000001",
            "identifier_prefix": "terraform-",
            "instance_class": "db.t3.micro",
            "iops": 0,
            "kms_key_id": "",
            "latest_restorable_time": "",
            "license_model": "postgresql-license",
            "listener_endpoint": [],
            "maintenance_window": "tue:08:50-tue:09:20",
            "manage_master_user_password": null,
            "master_user_secret": [],
            "master_user_secret_kms_key_id": null,
            "max_allocated_storage": 0,
            "monitoring_interval": 0,
            "monitoring_role_arn": "",
            "multi_az": false,
            "nchar_character_set_name": "",
            "network_type": "IPV4",
            "option_group_name": "default:postgres-15",
            "parameter_group_name": "default.postgres15",
            "password": "mypasswordforpostgres",
            "password_wo": null,
            "password_wo_version": null,
            "performance_insights_enabled": false,
            "performance_insights_kms_key_id": "",
            "performance_insights_retention_period": 0,
            "port": 5432,
            "publicly_accessible": false,
            "region": "us-east-1",
            "replica_mode": "",
            "replicas": [],
            "replicate_source_db": "",
            "resource_id": "db-RUFTXQHHXHNKTS4KA6SXSHU2FU",
            "restore_to_point_in_time": [],
            "s3_import": [],
            "skip_final_snapshot": true,
            "snapshot_identifier": null,
            "status": "available",
            "storage_encrypted": false,
            "storage_throughput": 0,
            "storage_type": "gp2",
            "tags": {},
            "tags_all": {},
            "timeouts": null,
            "timezone": "",
            "upgrade_storage_config": null,
            "username": "postgres",
            "vpc_security_group_ids": [
              "sg-0007a7afbfef7319d"
            ]
          },
          "sensitive_attributes": [
            [
              {
                "type": "get_attr",
                "value": "password"
              }
            ],
            [
              {
                "type": "get_attr",
                "value": "password_wo"
              }
            ]
          ],
          "identity_schema_version": 0,
          "private": "eyJlMmJmYjczMC1lY2FhLTExZTYtOGY4OC0zNDM2M2JjN2M0YzAiOnsiY3JlYXRlIjozMDAwMDAwMDAwMDAwLCJkZWxldGUiOjM2MDAwMDAwMDAwMDAsInVwZGF0ZSI6NDgwMDAwMDAwMDAwMH0sInNjaGVtYV92ZXJzaW9uIjoiMiJ9",
          "dependencies": [
            "aws_db_subnet_group.rds_subnet_group",
            "aws_security_group.db_sg",
            "aws_security_group.web_sg",
            "aws_subnet.private_a",
            "aws_subnet.private_b",
            "aws_vpc.main"
          ]
        }
      ]
    },
    {
      "mode": "managed",
      "type": "aws_db_subnet_group",
      "name": "rds_subnet_group",
      "provider": "provider[\"registry.terraform.io/hashicorp/aws\"]",
      "instances": [
        {
          "schema_version": 0,
          "attributes": {
            "arn": "arn:aws:rds:us-east-1:491377098012:subgrp:rds-subnet-group",
            "description": "Managed by Terraform",
            "id": "rds-subnet-group",
            "name": "rds-subnet-group",
            "name_prefix": "",
            "region": "us-east-1",
            "subnet_ids": [
              "subnet-05b667cd854871de7",
              "subnet-0b770bf2eba4be2db"
            ],
            "supported_network_types": [
              "IPV4"
            ],
            "tags": {},
            "tags_all": {},
            "vpc_id": "vpc-0f4702ddbb66e2329"
          },
          "sensitive_attributes": [],
          "identity_schema_version": 0,
          "private": "bnVsbA==",
          "dependencies": [
            "aws_subnet.private_a",
            "aws_subnet.private_b",
            "aws_vpc.main"
          ]
        }
      ]
    },
    {
      "mode": "managed",
      "type": "aws_instance",
      "name": "web",
      "provider": "provider[\"registry.terraform.io/hashicorp/aws\"]",
      "instances": [
        {
          "schema_version": 2,
          "attributes": {
            "ami": "ami-0de716d6197524dd9",
            "arn": "arn:aws:ec2:us-east-1:491377098012:instance/i-005d7d1a40da1e771",
            "associate_public_ip_address": true,
            "availability_zone": "us-east-1a",
            "capacity_reservation_specification": [
              {
                "capacity_reservation_preference": "open",
                "capacity_reservation_target": []
              }
            ],
            "cpu_options": [
              {
                "amd_sev_snp": "",
                "core_count": 1,
                "threads_per_core": 1
              }
            ],
            "credit_specification": [
              {
                "cpu_credits": "standard"
              }
            ],
            "disable_api_stop": false,
            "disable_api_termination": false,
            "ebs_block_device": [],
            "ebs_optimized": false,
            "enable_primary_ipv6": null,
            "enclave_options": [
              {
                "enabled": false
              }
            ],
            "ephemeral_block_device": [],
            "get_password_data": false,
            "hibernation": false,
            "host_id": "",
            "host_resource_group_arn": null,
            "iam_instance_profile": "",
            "id": "i-005d7d1a40da1e771",
            "instance_initiated_shutdown_behavior": "stop",
            "instance_lifecycle": "",
            "instance_market_options": [],
            "instance_state": "running",
            "instance_type": "t2.micro",
            "ipv6_address_count": 0,
            "ipv6_addresses": [],
            "key_name": "deployer-key",
            "launch_template": [],
            "maintenance_options": [
              {
                "auto_recovery": "default"
              }
            ],
            "metadata_options": [
              {
                "http_endpoint": "enabled",
                "http_protocol_ipv6": "disabled",
                "http_put_response_hop_limit": 2,
                "http_tokens": "required",
                "instance_metadata_tags": "disabled"
              }
            ],
            "monitoring": false,
            "network_interface": [],
            "outpost_arn": "",
            "password_data": "",
            "placement_group": "",
            "placement_partition_number": 0,
            "primary_network_interface_id": "eni-0e40218276c473f90",
            "private_dns": "ip-10-0-1-209.ec2.internal",
            "private_dns_name_options": [
              {
                "enable_resource_name_dns_a_record": false,
                "enable_resource_name_dns_aaaa_record": false,
                "hostname_type": "ip-name"
              }
            ],
            "private_ip": "10.0.1.209",
            "public_dns": "",
            "public_ip": "52.91.51.62",
            "region": "us-east-1",
            "root_block_device": [
              {
                "delete_on_termination": true,
                "device_name": "/dev/xvda",
                "encrypted": false,
                "iops": 3000,
                "kms_key_id": "",
                "tags": {},
                "tags_all": {},
                "throughput": 125,
                "volume_id": "vol-068ddfe6854765ff0",
                "volume_size": 8,
                "volume_type": "gp3"
              }
            ],
            "secondary_private_ips": [],
            "security_groups": [],
            "source_dest_check": true,
            "spot_instance_request_id": "",
            "subnet_id": "subnet-09035b416c7045051",
            "tags": {
              "Name": "web-instance"
            },
            "tags_all": {
              "Name": "web-instance"
            },
            "tenancy": "default",
            "timeouts": null,
            "user_data": "#!/bin/bash\nyum update -y\nyum install -y python3  git\npip3  install flask\n",
            "user_data_base64": null,
            "user_data_replace_on_change": false,
            "volume_tags": null,
            "vpc_security_group_ids": [
              "sg-0488bf3f0a42bcf54"
            ]
          },
          "sensitive_attributes": [],
          "identity_schema_version": 0,
          "private": "eyJlMmJmYjczMC1lY2FhLTExZTYtOGY4OC0zNDM2M2JjN2M0YzAiOnsiY3JlYXRlIjo2MDAwMDAwMDAwMDAsImRlbGV0ZSI6MTIwMDAwMDAwMDAwMCwicmVhZCI6OTAwMDAwMDAwMDAwLCJ1cGRhdGUiOjYwMDAwMDAwMDAwMH0sInNjaGVtYV92ZXJzaW9uIjoiMiJ9",
          "dependencies": [
            "aws_key_pair.deployer",
            "aws_security_group.web_sg",
            "aws_subnet.public",
            "aws_vpc.main",
            "tls_private_key.example"
          ]
        }
      ]
    },
    {
      "mode": "managed",
      "type": "aws_internet_gateway",
      "name": "gw",
      "provider": "provider[\"registry.terraform.io/hashicorp/aws\"]",
      "instances": [
        {
          "schema_version": 0,
          "attributes": {
            "arn": "arn:aws:ec2:us-east-1:491377098012:internet-gateway/igw-0d812ad3d3abe1b25",
            "id": "igw-0d812ad3d3abe1b25",
            "owner_id": "491377098012",
            "region": "us-east-1",
            "tags": {
              "Name": "main-igw"
            },
            "tags_all": {
              "Name": "main-igw"
            },
            "timeouts": null,
            "vpc_id": "vpc-0f4702ddbb66e2329"
          },
          "sensitive_attributes": [],
          "identity_schema_version": 0,
          "private": "eyJlMmJmYjczMC1lY2FhLTExZTYtOGY4OC0zNDM2M2JjN2M0YzAiOnsiY3JlYXRlIjoxMjAwMDAwMDAwMDAwLCJkZWxldGUiOjEyMDAwMDAwMDAwMDAsInVwZGF0ZSI6MTIwMDAwMDAwMDAwMH19",
          "dependencies": [
            "aws_vpc.main"
          ]
        }
      ]
    },
    {
      "mode": "managed",
      "type": "aws_key_pair",
      "name": "deployer",
      "provider": "provider[\"registry.terraform.io/hashicorp/aws\"]",
      "instances": [
        {
          "schema_version": 1,
          "attributes": {
            "arn": "arn:aws:ec2:us-east-1:491377098012:key-pair/deployer-key",
            "fingerprint": "a7:07:f2:b6:a5:9c:ef:29:36:5f:e2:ea:1d:55:cc:53",
            "id": "deployer-key",
            "key_name": "deployer-key",
            "key_name_prefix": "",
            "key_pair_id": "key-05891a5cc5cdcb6f1",
            "key_type": "rsa",
            "public_key": "ssh-rsa AAAAB3NzaC1yc2EAAAADAQABAAACAQCyxO+/v4Vjc/GMyvWWrq0OEB7jJErI0g1PtK1f3uoDnby7dxEgGGGEfqOsjm09gvh4SIZ+nRn1f1qAUl/S+sk8I225TN19aZHG1l9dw0UPK6LX5DFIIgPvUKLrDrutEh3fykqnscpWH5mAsQBOASERYhLO9iwKQNM1x01Aqf5o3JfqPEJogclOo/LEL/9ymMaOVtc0OEY380/dMZ1RvU4lyvhUu3Da8isbSdjzP1mWbs9IbGdN0mn/0snwpifE8drQHQo1U9iTpDEm0hAH5yofC2P3JkvZaXmqIWTtUFRjwVyR0rSZuaNvfJnzx/J8tVVa/SxjQWWSD+hrD6n4xQ3pczgZNiaW9ggeyGH1vR0uo6dRNgYO8co2T5t95jkwUTyc/feXZTWFB/qypJxXIGpVyhO6It4x5huP8wi0GTFHBB65607cjUsrIzTDWJgP+5B8vJJQNgs2LoyglBEAuA60qIlgSAk6Kqb1we7Yk4b5Lm3Q4LAqOa1JIL/p3oYybbjIN1QEmGKCrG7LPzo8wRIjpmDOQMZfoC/ks8a85YCbszlcxEEViYZEqcP746IHS/OIlRT9y2YeiUOh841w6gf8q+OlUJV5L5PbCUk+DieGvXrsvLvrvEiJAnyTg3J1JxkDGzskCrHeJyDgSl/qwXL9t6K+YJDItQsK1v7QBlp4ZQ==",
            "region": "us-east-1",
            "tags": {},
            "tags_all": {}
          },
          "sensitive_attributes": [],
          "identity_schema_version": 0,
          "private": "eyJzY2hlbWFfdmVyc2lvbiI6IjEifQ==",
          "dependencies": [
            "tls_private_key.example"
          ]
        }
      ]
    },
    {
      "mode": "managed",
      "type": "aws_route",
      "name": "internet_access",
      "provider": "provider[\"registry.terraform.io/hashicorp/aws\"]",
      "instances": [
        {
          "schema_version": 0,
          "attributes": {
            "carrier_gateway_id": "",
            "core_network_arn": "",
            "destination_cidr_block": "0.0.0.0/0",
            "destination_ipv6_cidr_block": "",
            "destination_prefix_list_id": "",
            "egress_only_gateway_id": "",
            "gateway_id": "igw-0d812ad3d3abe1b25",
            "id": "r-rtb-077ae682bd9fe85241080289494",
            "instance_id": "",
            "instance_owner_id": "",
            "local_gateway_id": "",
            "nat_gateway_id": "",
            "network_interface_id": "",
            "origin": "CreateRoute",
            "region": "us-east-1",
            "route_table_id": "rtb-077ae682bd9fe8524",
            "state": "active",
            "timeouts": null,
            "transit_gateway_id": "",
            "vpc_endpoint_id": "",
            "vpc_peering_connection_id": ""
          },
          "sensitive_attributes": [],
          "identity_schema_version": 0,
          "private": "eyJlMmJmYjczMC1lY2FhLTExZTYtOGY4OC0zNDM2M2JjN2M0YzAiOnsiY3JlYXRlIjozMDAwMDAwMDAwMDAsImRlbGV0ZSI6MzAwMDAwMDAwMDAwLCJ1cGRhdGUiOjEyMDAwMDAwMDAwMH19",
          "dependencies": [
            "aws_internet_gateway.gw",
            "aws_route_table.public",
            "aws_vpc.main"
          ]
        }
      ]
    },
    {
      "mode": "managed",
      "type": "aws_route_table",
      "name": "private",
      "provider": "provider[\"registry.terraform.io/hashicorp/aws\"]",
      "instances": [
        {
          "schema_version": 0,
          "attributes": {
            "arn": "arn:aws:ec2:us-east-1:491377098012:route-table/rtb-0265f6281e6560f45",
            "id": "rtb-0265f6281e6560f45",
            "owner_id": "491377098012",
            "propagating_vgws": [],
            "region": "us-east-1",
            "route": [
              {
                "carrier_gateway_id": "",
                "cidr_block": "10.0.0.0/16",
                "core_network_arn": "",
                "destination_prefix_list_id": "",
                "egress_only_gateway_id": "",
                "gateway_id": "local",
                "ipv6_cidr_block": "",
                "local_gateway_id": "",
                "nat_gateway_id": "",
                "network_interface_id": "",
                "transit_gateway_id": "",
                "vpc_endpoint_id": "",
                "vpc_peering_connection_id": ""
              }
            ],
            "tags": {
              "Name": "private-rt"
            },
            "tags_all": {
              "Name": "private-rt"
            },
            "timeouts": null,
            "vpc_id": "vpc-0f4702ddbb66e2329"
          },
          "sensitive_attributes": [],
          "identity_schema_version": 0,
          "private": "eyJlMmJmYjczMC1lY2FhLTExZTYtOGY4OC0zNDM2M2JjN2M0YzAiOnsiY3JlYXRlIjozMDAwMDAwMDAwMDAsImRlbGV0ZSI6MzAwMDAwMDAwMDAwLCJ1cGRhdGUiOjEyMDAwMDAwMDAwMH19",
          "dependencies": [
            "aws_vpc.main"
          ]
        }
      ]
    },
    {
      "mode": "managed",
      "type": "aws_route_table",
      "name": "public",
      "provider": "provider[\"registry.terraform.io/hashicorp/aws\"]",
      "instances": [
        {
          "schema_version": 0,
          "attributes": {
            "arn": "arn:aws:ec2:us-east-1:491377098012:route-table/rtb-077ae682bd9fe8524",
            "id": "rtb-077ae682bd9fe8524",
            "owner_id": "491377098012",
            "propagating_vgws": [],
            "region": "us-east-1",
            "route": [
              {
                "carrier_gateway_id": "",
                "cidr_block": "0.0.0.0/0",
                "core_network_arn": "",
                "destination_prefix_list_id": "",
                "egress_only_gateway_id": "",
                "gateway_id": "igw-0d812ad3d3abe1b25",
                "ipv6_cidr_block": "",
                "local_gateway_id": "",
                "nat_gateway_id": "",
                "network_interface_id": "",
                "transit_gateway_id": "",
                "vpc_endpoint_id": "",
                "vpc_peering_connection_id": ""
              }
            ],
            "tags": {
              "Name": "public-rt"
            },
            "tags_all": {
              "Name": "public-rt"
            },
            "timeouts": null,
            "vpc_id": "vpc-0f4702ddbb66e2329"
          },
          "sensitive_attributes": [],
          "identity_schema_version": 0,
          "private": "eyJlMmJmYjczMC1lY2FhLTExZTYtOGY4OC0zNDM2M2JjN2M0YzAiOnsiY3JlYXRlIjozMDAwMDAwMDAwMDAsImRlbGV0ZSI6MzAwMDAwMDAwMDAwLCJ1cGRhdGUiOjEyMDAwMDAwMDAwMH19",
          "dependencies": [
            "aws_vpc.main"
          ]
        }
      ]
    },
    {
      "mode": "managed",
      "type": "aws_route_table_association",
      "name": "private_a",
      "provider": "provider[\"registry.terraform.io/hashicorp/aws\"]",
      "instances": [
        {
          "schema_version": 0,
          "attributes": {
            "gateway_id": "",
            "id": "rtbassoc-0f07878e249de17fd",
            "region": "us-east-1",
            "route_table_id": "rtb-0265f6281e6560f45",
            "subnet_id": "subnet-05b667cd854871de7",
            "timeouts": null
          },
          "sensitive_attributes": [],
          "identity_schema_version": 0,
          "private": "eyJlMmJmYjczMC1lY2FhLTExZTYtOGY4OC0zNDM2M2JjN2M0YzAiOnsiY3JlYXRlIjozMDAwMDAwMDAwMDAsImRlbGV0ZSI6MzAwMDAwMDAwMDAwLCJ1cGRhdGUiOjEyMDAwMDAwMDAwMH19",
          "dependencies": [
            "aws_route_table.private",
            "aws_subnet.private_a",
            "aws_vpc.main"
          ]
        }
      ]
    },
    {
      "mode": "managed",
      "type": "aws_route_table_association",
      "name": "private_b",
      "provider": "provider[\"registry.terraform.io/hashicorp/aws\"]",
      "instances": [
        {
          "schema_version": 0,
          "attributes": {
            "gateway_id": "",
            "id": "rtbassoc-011af7f3020cbe838",
            "region": "us-east-1",
            "route_table_id": "rtb-0265f6281e6560f45",
            "subnet_id": "subnet-0b770bf2eba4be2db",
            "timeouts": null
          },
          "sensitive_attributes": [],
          "identity_schema_version": 0,
          "private": "eyJlMmJmYjczMC1lY2FhLTExZTYtOGY4OC0zNDM2M2JjN2M0YzAiOnsiY3JlYXRlIjozMDAwMDAwMDAwMDAsImRlbGV0ZSI6MzAwMDAwMDAwMDAwLCJ1cGRhdGUiOjEyMDAwMDAwMDAwMH19",
          "dependencies": [
            "aws_route_table.private",
            "aws_subnet.private_b",
            "aws_vpc.main"
          ]
        }
      ]
    },
    {
      "mode": "managed",
      "type": "aws_route_table_association",
      "name": "public",
      "provider": "provider[\"registry.terraform.io/hashicorp/aws\"]",
      "instances": [
        {
          "schema_version": 0,
          "attributes": {
            "gateway_id": "",
            "id": "rtbassoc-0ee6c55d662e9b6dd",
            "region": "us-east-1",
            "route_table_id": "rtb-077ae682bd9fe8524",
            "subnet_id": "subnet-09035b416c7045051",
            "timeouts": null
          },
          "sensitive_attributes": [],
          "identity_schema_version": 0,
          "private": "eyJlMmJmYjczMC1lY2FhLTExZTYtOGY4OC0zNDM2M2JjN2M0YzAiOnsiY3JlYXRlIjozMDAwMDAwMDAwMDAsImRlbGV0ZSI6MzAwMDAwMDAwMDAwLCJ1cGRhdGUiOjEyMDAwMDAwMDAwMH19",
          "dependencies": [
            "aws_route_table.public",
            "aws_subnet.public",
            "aws_vpc.main"
          ]
        }
      ]
    },
    {
      "mode": "managed",
      "type": "aws_s3_bucket",
      "name": "assets",
      "provider": "provider[\"registry.terraform.io/hashicorp/aws\"]",
      "instances": [
        {
          "schema_version": 0,
          "attributes": {
            "acceleration_status": "",
            "acl": "private",
            "arn": "arn:aws:s3:::s3bucket-manjith-20250908",
            "bucket": "s3bucket-manjith-20250908",
            "bucket_domain_name": "s3bucket-manjith-20250908.s3.amazonaws.com",
            "bucket_prefix": "",
            "bucket_region": "us-east-1",
            "bucket_regional_domain_name": "s3bucket-manjith-20250908.s3.us-east-1.amazonaws.com",
            "cors_rule": [],
            "force_destroy": false,
            "grant": [
              {
                "id": "72cdb7c85b6e57337d1f75679cb39ffad6e09903db0df56529d1487e8bead3a2",
                "permissions": [
                  "FULL_CONTROL"
                ],
                "type": "CanonicalUser",
                "uri": ""
              }
            ],
            "hosted_zone_id": "Z3AQBSTGFYJSTF",
            "id": "s3bucket-manjith-20250908",
            "lifecycle_rule": [],
            "logging": [],
            "object_lock_configuration": [],
            "object_lock_enabled": false,
            "policy": "",
            "region": "us-east-1",
            "replication_configuration": [],
            "request_payer": "BucketOwner",
            "server_side_encryption_configuration": [
              {
                "rule": [
                  {
                    "apply_server_side_encryption_by_default": [
                      {
                        "kms_master_key_id": "",
                        "sse_algorithm": "AES256"
                      }
                    ],
                    "bucket_key_enabled": false
                  }
                ]
              }
            ],
            "tags": {
              "Environment": "dev",
              "Name": "AssetsBucket"
            },
            "tags_all": {
              "Environment": "dev",
              "Name": "AssetsBucket"
            },
            "timeouts": null,
            "versioning": [
              {
                "enabled": false,
                "mfa_delete": false
              }
            ],
            "website": [],
            "website_domain": null,
            "website_endpoint": null
          },
          "sensitive_attributes": [],
          "identity_schema_version": 0,
          "identity": {
            "account_id": "491377098012",
            "bucket": "s3bucket-manjith-20250908",
            "region": "us-east-1"
          },
          "private": "eyJlMmJmYjczMC1lY2FhLTExZTYtOGY4OC0zNDM2M2JjN2M0YzAiOnsiY3JlYXRlIjoxMjAwMDAwMDAwMDAwLCJkZWxldGUiOjM2MDAwMDAwMDAwMDAsInJlYWQiOjEyMDAwMDAwMDAwMDAsInVwZGF0ZSI6MTIwMDAwMDAwMDAwMH19"
        }
      ]
    },
    {
      "mode": "managed",
      "type": "aws_security_group",
      "name": "db_sg",
      "provider": "provider[\"registry.terraform.io/hashicorp/aws\"]",
      "instances": [
        {
          "schema_version": 1,
          "attributes": {
            "arn": "arn:aws:ec2:us-east-1:491377098012:security-group/sg-0007a7afbfef7319d",
            "description": "Allow DB access from EC2 only",
            "egress": [
              {
                "cidr_blocks": [
                  "0.0.0.0/0"
                ],
                "description": "",
                "from_port": 0,
                "ipv6_cidr_blocks": [],
                "prefix_list_ids": [],
                "protocol": "-1",
                "security_groups": [],
                "self": false,
                "to_port": 0
              }
            ],
            "id": "sg-0007a7afbfef7319d",
            "ingress": [
              {
                "cidr_blocks": [],
                "description": "DB access",
                "from_port": 5432,
                "ipv6_cidr_blocks": [],
                "prefix_list_ids": [],
                "protocol": "tcp",
                "security_groups": [
                  "sg-0488bf3f0a42bcf54"
                ],
                "self": false,
                "to_port": 5432
              }
            ],
            "name": "db-sg",
            "name_prefix": "",
            "owner_id": "491377098012",
            "region": "us-east-1",
            "revoke_rules_on_delete": false,
            "tags": {},
            "tags_all": {},
            "timeouts": null,
            "vpc_id": "vpc-0f4702ddbb66e2329"
          },
          "sensitive_attributes": [],
          "identity_schema_version": 0,
          "private": "eyJlMmJmYjczMC1lY2FhLTExZTYtOGY4OC0zNDM2M2JjN2M0YzAiOnsiY3JlYXRlIjo2MDAwMDAwMDAwMDAsImRlbGV0ZSI6OTAwMDAwMDAwMDAwfSwic2NoZW1hX3ZlcnNpb24iOiIxIn0=",
          "dependencies": [
            "aws_security_group.web_sg",
            "aws_vpc.main"
          ]
        }
      ]
    },
    {
      "mode": "managed",
      "type": "aws_security_group",
      "name": "web_sg",
      "provider": "provider[\"registry.terraform.io/hashicorp/aws\"]",
      "instances": [
        {
          "schema_version": 1,
          "attributes": {
            "arn": "arn:aws:ec2:us-east-1:491377098012:security-group/sg-0488bf3f0a42bcf54",
            "description": "Allow S:SH and HTTP from my IP",
            "egress": [
              {
                "cidr_blocks": [
                  "0.0.0.0/0"
                ],
                "description": "",
                "from_port": 0,
                "ipv6_cidr_blocks": [],
                "prefix_list_ids": [],
                "protocol": "-1",
                "security_groups": [],
                "self": false,
                "to_port": 0
              }
            ],
            "id": "sg-0488bf3f0a42bcf54",
            "ingress": [
              {
                "cidr_blocks": [
                  "69.162.73.8/32"
                ],
                "description": "HTTP",
                "from_port": 80,
                "ipv6_cidr_blocks": [],
                "prefix_list_ids": [],
                "protocol": "tcp",
                "security_groups": [],
                "self": false,
                "to_port": 80
              },
              {
                "cidr_blocks": [
                  "69.162.73.8/32"
                ],
                "description": "SSH",
                "from_port": 22,
                "ipv6_cidr_blocks": [],
                "prefix_list_ids": [],
                "protocol": "tcp",
                "security_groups": [],
                "self": false,
                "to_port": 22
              }
            ],
            "name": "web-sg",
            "name_prefix": "",
            "owner_id": "491377098012",
            "region": "us-east-1",
            "revoke_rules_on_delete": false,
            "tags": {},
            "tags_all": {},
            "timeouts": null,
            "vpc_id": "vpc-0f4702ddbb66e2329"
          },
          "sensitive_attributes": [],
          "identity_schema_version": 0,
          "private": "eyJlMmJmYjczMC1lY2FhLTExZTYtOGY4OC0zNDM2M2JjN2M0YzAiOnsiY3JlYXRlIjo2MDAwMDAwMDAwMDAsImRlbGV0ZSI6OTAwMDAwMDAwMDAwfSwic2NoZW1hX3ZlcnNpb24iOiIxIn0=",
          "dependencies": [
            "aws_vpc.main"
          ]
        }
      ]
    },
    {
      "mode": "managed",
      "type": "aws_subnet",
      "name": "private_a",
      "provider": "provider[\"registry.terraform.io/hashicorp/aws\"]",
      "instances": [
        {
          "schema_version": 1,
          "attributes": {
            "arn": "arn:aws:ec2:us-east-1:491377098012:subnet/subnet-05b667cd854871de7",
            "assign_ipv6_address_on_creation": false,
            "availability_zone": "us-east-1a",
            "availability_zone_id": "use1-az4",
            "cidr_block": "10.0.3.0/24",
            "customer_owned_ipv4_pool": "",
            "enable_dns64": false,
            "enable_lni_at_device_index": 0,
            "enable_resource_name_dns_a_record_on_launch": false,
            "enable_resource_name_dns_aaaa_record_on_launch": false,
            "id": "subnet-05b667cd854871de7",
            "ipv6_cidr_block": "",
            "ipv6_cidr_block_association_id": "",
            "ipv6_native": false,
            "map_customer_owned_ip_on_launch": false,
            "map_public_ip_on_launch": false,
            "outpost_arn": "",
            "owner_id": "491377098012",
            "private_dns_hostname_type_on_launch": "ip-name",
            "region": "us-east-1",
            "tags": {},
            "tags_all": {},
            "timeouts": null,
            "vpc_id": "vpc-0f4702ddbb66e2329"
          },
          "sensitive_attributes": [],
          "identity_schema_version": 0,
          "private": "eyJlMmJmYjczMC1lY2FhLTExZTYtOGY4OC0zNDM2M2JjN2M0YzAiOnsiY3JlYXRlIjo2MDAwMDAwMDAwMDAsImRlbGV0ZSI6MTIwMDAwMDAwMDAwMH0sInNjaGVtYV92ZXJzaW9uIjoiMSJ9",
          "dependencies": [
            "aws_vpc.main"
          ]
        }
      ]
    },
    {
      "mode": "managed",
      "type": "aws_subnet",
      "name": "private_b",
      "provider": "provider[\"registry.terraform.io/hashicorp/aws\"]",
      "instances": [
        {
          "schema_version": 1,
          "attributes": {
            "arn": "arn:aws:ec2:us-east-1:491377098012:subnet/subnet-0b770bf2eba4be2db",
            "assign_ipv6_address_on_creation": false,
            "availability_zone": "us-east-1b",
            "availability_zone_id": "use1-az6",
            "cidr_block": "10.0.4.0/24",
            "customer_owned_ipv4_pool": "",
            "enable_dns64": false,
            "enable_lni_at_device_index": 0,
            "enable_resource_name_dns_a_record_on_launch": false,
            "enable_resource_name_dns_aaaa_record_on_launch": false,
            "id": "subnet-0b770bf2eba4be2db",
            "ipv6_cidr_block": "",
            "ipv6_cidr_block_association_id": "",
            "ipv6_native": false,
            "map_customer_owned_ip_on_launch": false,
            "map_public_ip_on_launch": false,
            "outpost_arn": "",
            "owner_id": "491377098012",
            "private_dns_hostname_type_on_launch": "ip-name",
            "region": "us-east-1",
            "tags": {},
            "tags_all": {},
            "timeouts": null,
            "vpc_id": "vpc-0f4702ddbb66e2329"
          },
          "sensitive_attributes": [],
          "identity_schema_version": 0,
          "private": "eyJlMmJmYjczMC1lY2FhLTExZTYtOGY4OC0zNDM2M2JjN2M0YzAiOnsiY3JlYXRlIjo2MDAwMDAwMDAwMDAsImRlbGV0ZSI6MTIwMDAwMDAwMDAwMH0sInNjaGVtYV92ZXJzaW9uIjoiMSJ9",
          "dependencies": [
            "aws_vpc.main"
          ]
        }
      ]
    },
    {
      "mode": "managed",
      "type": "aws_subnet",
      "name": "public",
      "provider": "provider[\"registry.terraform.io/hashicorp/aws\"]",
      "instances": [
        {
          "schema_version": 1,
          "attributes": {
            "arn": "arn:aws:ec2:us-east-1:491377098012:subnet/subnet-09035b416c7045051",
            "assign_ipv6_address_on_creation": false,
            "availability_zone": "us-east-1a",
            "availability_zone_id": "use1-az4",
            "cidr_block": "10.0.1.0/24",
            "customer_owned_ipv4_pool": "",
            "enable_dns64": false,
            "enable_lni_at_device_index": 0,
            "enable_resource_name_dns_a_record_on_launch": false,
            "enable_resource_name_dns_aaaa_record_on_launch": false,
            "id": "subnet-09035b416c7045051",
            "ipv6_cidr_block": "",
            "ipv6_cidr_block_association_id": "",
            "ipv6_native": false,
            "map_customer_owned_ip_on_launch": false,
            "map_public_ip_on_launch": true,
            "outpost_arn": "",
            "owner_id": "491377098012",
            "private_dns_hostname_type_on_launch": "ip-name",
            "region": "us-east-1",
            "tags": {
              "Name": "public-subnet"
            },
            "tags_all": {
              "Name": "public-subnet"
            },
            "timeouts": null,
            "vpc_id": "vpc-0f4702ddbb66e2329"
          },
          "sensitive_attributes": [],
          "identity_schema_version": 0,
          "private": "eyJlMmJmYjczMC1lY2FhLTExZTYtOGY4OC0zNDM2M2JjN2M0YzAiOnsiY3JlYXRlIjo2MDAwMDAwMDAwMDAsImRlbGV0ZSI6MTIwMDAwMDAwMDAwMH0sInNjaGVtYV92ZXJzaW9uIjoiMSJ9",
          "dependencies": [
            "aws_vpc.main"
          ]
        }
      ]
    },
    {
      "mode": "managed",
      "type": "aws_vpc",
      "name": "main",
      "provider": "provider[\"registry.terraform.io/hashicorp/aws\"]",
      "instances": [
        {
          "schema_version": 1,
          "attributes": {
            "arn": "arn:aws:ec2:us-east-1:491377098012:vpc/vpc-0f4702ddbb66e2329",
            "assign_generated_ipv6_cidr_block": false,
            "cidr_block": "10.0.0.0/16",
            "default_network_acl_id": "acl-027d269b1f0fd301c",
            "default_route_table_id": "rtb-0cdfb62db90a660e2",
            "default_security_group_id": "sg-0742b8255bdd97643",
            "dhcp_options_id": "dopt-02f28d4b05bb5ba8c",
            "enable_dns_hostnames": false,
            "enable_dns_support": true,
            "enable_network_address_usage_metrics": false,
            "id": "vpc-0f4702ddbb66e2329",
            "instance_tenancy": "default",
            "ipv4_ipam_pool_id": null,
            "ipv4_netmask_length": null,
            "ipv6_association_id": "",
            "ipv6_cidr_block": "",
            "ipv6_cidr_block_network_border_group": "",
            "ipv6_ipam_pool_id": "",
            "ipv6_netmask_length": 0,
            "main_route_table_id": "rtb-0cdfb62db90a660e2",
            "owner_id": "491377098012",
            "region": "us-east-1",
            "tags": {
              "Name": "main-vpc"
            },
            "tags_all": {
              "Name": "main-vpc"
            }
          },
          "sensitive_attributes": [],
          "identity_schema_version": 0,
          "private": "eyJzY2hlbWFfdmVyc2lvbiI6IjEifQ=="
        }
      ]
    },
    {
      "mode": "managed",
      "type": "tls_private_key",
      "name": "example",
      "provider": "provider[\"registry.terraform.io/hashicorp/tls\"]",
      "instances": [
        {
          "schema_version": 1,
          "attributes": {
            "algorithm": "RSA",
            "ecdsa_curve": "P224",
            "id": "704f56a935559c949558c56a4f4197c306d2264d",
            "private_key_openssh": "-----BEGIN OPENSSH PRIVATE KEY-----\nb3BlbnNzaC1rZXktdjEAAAAABG5vbmUAAAAEbm9uZQAAAAAAAAABAAACFwAAAAdz\nc2gtcnNhAAAAAwEAAQAAAgEAssTvv7+FY3PxjMr1lq6tDhAe4yRKyNINT7StX97q\nA528u3cRIBhhhH6jrI5tPYL4eEiGfp0Z9X9agFJf0vrJPCNtuUzdfWmRxtZfXcNF\nDyui1+QxSCID71Ci6w67rRId38pKp7HKVh+ZgLEATgEhEWISzvYsCkDTNcdNQKn+\naNyX6jxCaIHJTqPyxC//cpjGjlbXNDhGN/NP3TGdUb1OJcr4VLtw2vIrG0nY8z9Z\nlm7PSGxnTdJp/9LJ8KYnxPHa0B0KNVPYk6QxJtIQB+cqHwtj9yZL2Wl5qiFk7VBU\nY8FckdK0mbmjb3yZ88fyfLVVWv0sY0Flkg/oaw+p+MUN6XM4GTYmlvYIHshh9b0d\nLqOnUTYGDvHKNk+bfeY5MFE8nP33l2U1hQf6sqScVyBqVcoTuiLeMeYbj/MItBkx\nRwQeuetO3I1LKyM0w1iYD/uQfLySUDYLNi6MoJQRALgOtKiJYEgJOiqm9cHu2JOG\n+S5t0OCwKjmtSSC/6d6GMm24yDdUBJhigqxuyz86PMESI6ZgzkDGX6Av5LPGvOWA\nm7M5XMRBFYmGRKnD++OiB0vziJUU/ctmHolDofONcOoH/KvjpVCVeS+T2wlJPg4n\nhr167Ly767xIiQJ8k4NydScZAxs7JAqx3icg4Epf6sFy/beivmCQyLULCtb+0AZa\neGUAAAc4PYS0tj2EtLYAAAAHc3NoLXJzYQAAAgEAssTvv7+FY3PxjMr1lq6tDhAe\n4yRKyNINT7StX97qA528u3cRIBhhhH6jrI5tPYL4eEiGfp0Z9X9agFJf0vrJPCNt\nuUzdfWmRxtZfXcNFDyui1+QxSCID71Ci6w67rRId38pKp7HKVh+ZgLEATgEhEWIS\nzvYsCkDTNcdNQKn+aNyX6jxCaIHJTqPyxC//cpjGjlbXNDhGN/NP3TGdUb1OJcr4\nVLtw2vIrG0nY8z9Zlm7PSGxnTdJp/9LJ8KYnxPHa0B0KNVPYk6QxJtIQB+cqHwtj\n9yZL2Wl5qiFk7VBUY8FckdK0mbmjb3yZ88fyfLVVWv0sY0Flkg/oaw+p+MUN6XM4\nGTYmlvYIHshh9b0dLqOnUTYGDvHKNk+bfeY5MFE8nP33l2U1hQf6sqScVyBqVcoT\nuiLeMeYbj/MItBkxRwQeuetO3I1LKyM0w1iYD/uQfLySUDYLNi6MoJQRALgOtKiJ\nYEgJOiqm9cHu2JOG+S5t0OCwKjmtSSC/6d6GMm24yDdUBJhigqxuyz86PMESI6Zg\nzkDGX6Av5LPGvOWAm7M5XMRBFYmGRKnD++OiB0vziJUU/ctmHolDofONcOoH/Kvj\npVCVeS+T2wlJPg4nhr167Ly767xIiQJ8k4NydScZAxs7JAqx3icg4Epf6sFy/bei\nvmCQyLULCtb+0AZaeGUAAAADAQABAAACAEE+GnmSfi3zrJ5DnCmoCkRtobgoEJsF\n/hGu0O+CPUmgkbahF8Ds5Poj9bwOJtQiLmhHn74pu8Wa+v6GEa7AFB08mNjdsqAI\nnUlCB4ACuft1Y3MDNvEqaOE4Pp0mvVvGltyLyX82JbAUzELpVkEhrF3Zux+JPD1p\ntyuTVyBYah7/EvpLj7jwVPW8Y+cx1TqPgzeDffry5r2YsPb7Gn0wZ4rnboYN+nwN\nkand462y2xFJ06CM347JUiIpXcXT/gOkeMUnNAiOVyZa8A1I8MzRks/NqmgSs+/e\nzKZIlbr+bC4T7aLSkVLhK0KO6OjNejQFQed5Km/2+Ai8gYhBKTk/QXnrhr/n+4dI\nY70andTqA8T4nuynzR0kO8EuW1BK8QeEbvlROejwAfI5au/KidInnBEtVWW8MRTa\n/DhgkxrhzRndP2ncIysm8BBS2NlAhITpkD5jqOgt9lPa8CLP1QI5ZVXBz76ub+0d\nPlh1ffK9mmE1zGl+Q18gzrFp1r9Y9Nr1h7+h0MmLPeBaka8okL1l5+6bON4h90OE\nz1S9r0/f1uRpQ7PwZCRoep/JW+plKIy5KzHW+EpDG+h/YF1ukiFWAdzBrLRah9zT\neufAN+8UwD8Ksq34pIWqa6Mx2LbuD+G3you7mkfl+bpCoo+MJQ8i5MIvDEyTDU76\nPtmZKmgHgixpAAABAFBdyaLAtAFFvNkwdhUmC/xZZb24Kd00B4LYL4kpQP2ZWBlB\nlejrUdbVOx6G6oVVTrpRxJUJXcq46RXufNl7BEJb87pp6EB11FBEdK8QCUJpscMG\n2mhs0ydvARVBsO+22OSRyYEx2GAVoHdxaZIsFRALFQMAUznBifcruojAzT+V8I2U\ndDx0ynJcm/VnyWlrOQEot0WSrGloLbuVI+O/vLzRkhglJEPplqeh1nOAP9g9tBCo\nXPn6xYfpj0vWPuTiOc6yKM2nIE1bI0D32o5PvcczJKw3M5Kpc8fWmW0mc3sZveHB\nl/YpPGd6VM0qnVd4FMgPi2Pt4b3zWT3DhcIND0gAAAEBANjtZab7XzubiX8bgMUF\nDtyk38qRJ0vOHy+47p9I41MycSuRkDQlWRIWjeYER1zRX9lS4n74Vkyknzuv15KD\nf9lHcCbQK9cc6G6TB0HxvTZ3Zn8D8v408mpbzLB+OI6KVsXGWGwjf7RN3j2N6jxX\neDp2NOtsYAHWykDkxkPC6AQq5xW7J7mU/8m06xOQ1ILLeKiPKizk8YuYfP5bbWzj\nhdP7uN8/R9Fsgsjye9b8qyJTpbo5uJrahuFNrgxXl40i0kDRB5ryPK+kHvXIdue0\nUdhVOKCB5jBmUCz6EPe9eRIdKrB1xwYwjKylRZpYYhjFy9ZJ+3puZep1RVowUynm\nEeMAAAEBANL4Dp1TFZtwJF0AgW3oe/MQr6P+Xf2HEUILX/dQWMAQD4U3D3+NHmrC\nEqliY1zHo8nv7NZHrJcTtOte0Xh8i/QMUlBEpL6JoZy1TJbFFyxkrHNhJ8c7xrI7\nFYWD515U3/XtC9wrTeBLX52nwzYZvvyvBwaotN+7ElEHwkXBbeDzspOq78sX96G8\nUaTCXhb1o5KOhGMcxjXIpRH1c3xk9HnsN/DSkoYKjk9oSj5R+6pMu40FbYaeby8i\nJgF1mTpEoWEEd1CC2u+jaEz2HULXmu39uwKpe1uIrs+EV7P8OlBnwrAbOuSXlBdt\nIatVvUbJLte1aZ6YW03JgzaB990YPxcAAAAAAQID\n-----END OPENSSH PRIVATE KEY-----\n",
            "private_key_pem": "-----BEGIN RSA PRIVATE KEY-----\nMIIJKQIBAAKCAgEAssTvv7+FY3PxjMr1lq6tDhAe4yRKyNINT7StX97qA528u3cR\nIBhhhH6jrI5tPYL4eEiGfp0Z9X9agFJf0vrJPCNtuUzdfWmRxtZfXcNFDyui1+Qx\nSCID71Ci6w67rRId38pKp7HKVh+ZgLEATgEhEWISzvYsCkDTNcdNQKn+aNyX6jxC\naIHJTqPyxC//cpjGjlbXNDhGN/NP3TGdUb1OJcr4VLtw2vIrG0nY8z9Zlm7PSGxn\nTdJp/9LJ8KYnxPHa0B0KNVPYk6QxJtIQB+cqHwtj9yZL2Wl5qiFk7VBUY8FckdK0\nmbmjb3yZ88fyfLVVWv0sY0Flkg/oaw+p+MUN6XM4GTYmlvYIHshh9b0dLqOnUTYG\nDvHKNk+bfeY5MFE8nP33l2U1hQf6sqScVyBqVcoTuiLeMeYbj/MItBkxRwQeuetO\n3I1LKyM0w1iYD/uQfLySUDYLNi6MoJQRALgOtKiJYEgJOiqm9cHu2JOG+S5t0OCw\nKjmtSSC/6d6GMm24yDdUBJhigqxuyz86PMESI6ZgzkDGX6Av5LPGvOWAm7M5XMRB\nFYmGRKnD++OiB0vziJUU/ctmHolDofONcOoH/KvjpVCVeS+T2wlJPg4nhr167Ly7\n67xIiQJ8k4NydScZAxs7JAqx3icg4Epf6sFy/beivmCQyLULCtb+0AZaeGUCAwEA\nAQKCAgBBPhp5kn4t86yeQ5wpqApEbaG4KBCbBf4RrtDvgj1JoJG2oRfA7OT6I/W8\nDibUIi5oR5++KbvFmvr+hhGuwBQdPJjY3bKgCJ1JQgeAArn7dWNzAzbxKmjhOD6d\nJr1bxpbci8l/NiWwFMxC6VZBIaxd2bsfiTw9abcrk1cgWGoe/xL6S4+48FT1vGPn\nMdU6j4M3g3368ua9mLD2+xp9MGeK526GDfp8DZGp3eOtstsRSdOgjN+OyVIiKV3F\n0/4DpHjFJzQIjlcmWvANSPDM0ZLPzapoErPv3symSJW6/mwuE+2i0pFS4StCjujo\nzXo0BUHneSpv9vgIvIGIQSk5P0F564a/5/uHSGO9Gp3U6gPE+J7sp80dJDvBLltQ\nSvEHhG75UTno8AHyOWrvyonSJ5wRLVVlvDEU2vw4YJMa4c0Z3T9p3CMrJvAQUtjZ\nQISE6ZA+Y6joLfZT2vAiz9UCOWVVwc++rm/tHT5YdX3yvZphNcxpfkNfIM6xada/\nWPTa9Ye/odDJiz3gWpGvKJC9ZefumzjeIfdDhM9Uva9P39bkaUOz8GQkaHqfyVvq\nZSiMuSsx1vhKQxvof2BdbpIhVgHcway0Wofc03rnwDfvFMA/CrKt+KSFqmujMdi2\n7g/ht8qLu5pH5fm6QqKPjCUPIuTCLwxMkw1O+j7ZmSpoB4IsaQKCAQEA2O1lpvtf\nO5uJfxuAxQUO3KTfypEnS84fL7jun0jjUzJxK5GQNCVZEhaN5gRHXNFf2VLifvhW\nTKSfO6/XkoN/2UdwJtAr1xzobpMHQfG9NndmfwPy/jTyalvMsH44jopWxcZYbCN/\ntE3ePY3qPFd4OnY062xgAdbKQOTGQ8LoBCrnFbsnuZT/ybTrE5DUgst4qI8qLOTx\ni5h8/lttbOOF0/u43z9H0WyCyPJ71vyrIlOlujm4mtqG4U2uDFeXjSLSQNEHmvI8\nr6Qe9ch257RR2FU4oIHmMGZQLPoQ9715Eh0qsHXHBjCMrKVFmlhiGMXL1kn7em5l\n6nVFWjBTKeYR4wKCAQEA0vgOnVMVm3AkXQCBbeh78xCvo/5d/YcRQgtf91BYwBAP\nhTcPf40easISqWJjXMejye/s1keslxO0617ReHyL9AxSUESkvomhnLVMlsUXLGSs\nc2EnxzvGsjsVhYPnXlTf9e0L3CtN4EtfnafDNhm+/K8HBqi037sSUQfCRcFt4POy\nk6rvyxf3obxRpMJeFvWjko6EYxzGNcilEfVzfGT0eew38NKShgqOT2hKPlH7qky7\njQVthp5vLyImAXWZOkShYQR3UILa76NoTPYdQtea7f27Aql7W4iuz4RXs/w6UGfC\nsBs65JeUF20hq1W9Rsku17VpnphbTcmDNoH33Rg/FwKCAQEAnARJywoZ2UYpYtjG\nCW103e5a4lb5e0TZGzqXrMoAbVLnIB3GKCsAX8kG73r+VFxl4mkBa65yaxcvSv9S\nPRcEuaHuoIuyLDmnVfe7DYuuuWCwwAN4Haq4+xPhKMLvLF2EwSPBbq0taOFkSMMr\nx5BlcS6ZKwU8G7Z+qqOfkRa6Rl0Q7Ik5rfji6xCKzfypSxTKR/kHrVhP/UWECHB7\nSAhvtSHjOfVKUu4HNj1oIhyBfOPKWyCui/lFbv+ugUPyRNjZfTKZlLBKQ0z303AF\nTOpcvwmz+4TRqNe9LEwCLhwA2q1NibJ7nREH7BfF8pdEnmqMCygUjV6fQDxtz8rX\n1VeaXwKCAQEAzPFeuSSKO/rfyF0CXvPW3VRbW/Nx+SUp9b+5FTa/UK0Jdr77VkyP\nvOQVXukOX4YtLbHeoHb2SblCKthsoyBSkN0bZZCZfeOT1PkmktyZ221dPaSnENuX\n9XKCQLbXn4LSIkSKHfMPbxGprCzZ7YdrSmr5Z1WiiClh7MedyUfT5xC2bM9ErUX2\nMO8RXP3Yi3NK2MeMAgBk6MCm4uBPtQsZmAuKeG8HGiHNB4Tngsz/rvtlwuP/9yOY\nHPCOfSJxnPIo12eQRO0ppFxYqVL5MALlJccz0a01AcGxGDSXQmiHea6iqZN6TbCW\nk39XkuryuX4c/D3mgcO+Br34so3lbKnuNwKCAQBQXcmiwLQBRbzZMHYVJgv8WWW9\nuCndNAeC2C+JKUD9mVgZQZXo61HW1TsehuqFVU66UcSVCV3KuOkV7nzZewRCW/O6\naehAddRQRHSvEAlCabHDBtpobNMnbwEVQbDvttjkkcmBMdhgFaB3cWmSLBUQCxUD\nAFM5wYn3K7qIwM0/lfCNlHQ8dMpyXJv1Z8lpazkBKLdFkqxpaC27lSPjv7y80ZIY\nJSRD6ZanodZzgD/YPbQQqFz5+sWH6Y9L1j7k4jnOsijNpyBNWyNA99qOT73HMySs\nNzOSqXPH1pltJnN7Gb3hwZf2KTxnelTNKp1XeBTID4tj7eG981k9w4XCDQ9I\n-----END RSA PRIVATE KEY-----\n",
            "private_key_pem_pkcs8": "-----BEGIN PRIVATE KEY-----\nMIIJQwIBADANBgkqhkiG9w0BAQEFAASCCS0wggkpAgEAAoICAQCyxO+/v4Vjc/GM\nyvWWrq0OEB7jJErI0g1PtK1f3uoDnby7dxEgGGGEfqOsjm09gvh4SIZ+nRn1f1qA\nUl/S+sk8I225TN19aZHG1l9dw0UPK6LX5DFIIgPvUKLrDrutEh3fykqnscpWH5mA\nsQBOASERYhLO9iwKQNM1x01Aqf5o3JfqPEJogclOo/LEL/9ymMaOVtc0OEY380/d\nMZ1RvU4lyvhUu3Da8isbSdjzP1mWbs9IbGdN0mn/0snwpifE8drQHQo1U9iTpDEm\n0hAH5yofC2P3JkvZaXmqIWTtUFRjwVyR0rSZuaNvfJnzx/J8tVVa/SxjQWWSD+hr\nD6n4xQ3pczgZNiaW9ggeyGH1vR0uo6dRNgYO8co2T5t95jkwUTyc/feXZTWFB/qy\npJxXIGpVyhO6It4x5huP8wi0GTFHBB65607cjUsrIzTDWJgP+5B8vJJQNgs2Loyg\nlBEAuA60qIlgSAk6Kqb1we7Yk4b5Lm3Q4LAqOa1JIL/p3oYybbjIN1QEmGKCrG7L\nPzo8wRIjpmDOQMZfoC/ks8a85YCbszlcxEEViYZEqcP746IHS/OIlRT9y2YeiUOh\n841w6gf8q+OlUJV5L5PbCUk+DieGvXrsvLvrvEiJAnyTg3J1JxkDGzskCrHeJyDg\nSl/qwXL9t6K+YJDItQsK1v7QBlp4ZQIDAQABAoICAEE+GnmSfi3zrJ5DnCmoCkRt\nobgoEJsF/hGu0O+CPUmgkbahF8Ds5Poj9bwOJtQiLmhHn74pu8Wa+v6GEa7AFB08\nmNjdsqAInUlCB4ACuft1Y3MDNvEqaOE4Pp0mvVvGltyLyX82JbAUzELpVkEhrF3Z\nux+JPD1ptyuTVyBYah7/EvpLj7jwVPW8Y+cx1TqPgzeDffry5r2YsPb7Gn0wZ4rn\nboYN+nwNkand462y2xFJ06CM347JUiIpXcXT/gOkeMUnNAiOVyZa8A1I8MzRks/N\nqmgSs+/ezKZIlbr+bC4T7aLSkVLhK0KO6OjNejQFQed5Km/2+Ai8gYhBKTk/QXnr\nhr/n+4dIY70andTqA8T4nuynzR0kO8EuW1BK8QeEbvlROejwAfI5au/KidInnBEt\nVWW8MRTa/DhgkxrhzRndP2ncIysm8BBS2NlAhITpkD5jqOgt9lPa8CLP1QI5ZVXB\nz76ub+0dPlh1ffK9mmE1zGl+Q18gzrFp1r9Y9Nr1h7+h0MmLPeBaka8okL1l5+6b\nON4h90OEz1S9r0/f1uRpQ7PwZCRoep/JW+plKIy5KzHW+EpDG+h/YF1ukiFWAdzB\nrLRah9zTeufAN+8UwD8Ksq34pIWqa6Mx2LbuD+G3you7mkfl+bpCoo+MJQ8i5MIv\nDEyTDU76PtmZKmgHgixpAoIBAQDY7WWm+187m4l/G4DFBQ7cpN/KkSdLzh8vuO6f\nSONTMnErkZA0JVkSFo3mBEdc0V/ZUuJ++FZMpJ87r9eSg3/ZR3Am0CvXHOhukwdB\n8b02d2Z/A/L+NPJqW8ywfjiOilbFxlhsI3+0Td49jeo8V3g6djTrbGAB1spA5MZD\nwugEKucVuye5lP/JtOsTkNSCy3iojyos5PGLmHz+W21s44XT+7jfP0fRbILI8nvW\n/KsiU6W6Obia2obhTa4MV5eNItJA0Qea8jyvpB71yHbntFHYVTiggeYwZlAs+hD3\nvXkSHSqwdccGMIyspUWaWGIYxcvWSft6bmXqdUVaMFMp5hHjAoIBAQDS+A6dUxWb\ncCRdAIFt6HvzEK+j/l39hxFCC1/3UFjAEA+FNw9/jR5qwhKpYmNcx6PJ7+zWR6yX\nE7TrXtF4fIv0DFJQRKS+iaGctUyWxRcsZKxzYSfHO8ayOxWFg+deVN/17QvcK03g\nS1+dp8M2Gb78rwcGqLTfuxJRB8JFwW3g87KTqu/LF/ehvFGkwl4W9aOSjoRjHMY1\nyKUR9XN8ZPR57Dfw0pKGCo5PaEo+UfuqTLuNBW2Gnm8vIiYBdZk6RKFhBHdQgtrv\no2hM9h1C15rt/bsCqXtbiK7PhFez/DpQZ8KwGzrkl5QXbSGrVb1GyS7XtWmemFtN\nyYM2gffdGD8XAoIBAQCcBEnLChnZRili2MYJbXTd7lriVvl7RNkbOpesygBtUucg\nHcYoKwBfyQbvev5UXGXiaQFrrnJrFy9K/1I9FwS5oe6gi7IsOadV97sNi665YLDA\nA3gdqrj7E+Eowu8sXYTBI8FurS1o4WRIwyvHkGVxLpkrBTwbtn6qo5+RFrpGXRDs\niTmt+OLrEIrN/KlLFMpH+QetWE/9RYQIcHtICG+1IeM59UpS7gc2PWgiHIF848pb\nIK6L+UVu/66BQ/JE2Nl9MpmUsEpDTPfTcAVM6ly/CbP7hNGo170sTAIuHADarU2J\nsnudEQfsF8Xyl0SeaowLKBSNXp9APG3PytfVV5pfAoIBAQDM8V65JIo7+t/IXQJe\n89bdVFtb83H5JSn1v7kVNr9QrQl2vvtWTI+85BVe6Q5fhi0tsd6gdvZJuUIq2Gyj\nIFKQ3RtlkJl945PU+SaS3JnbbV09pKcQ25f1coJAttefgtIiRIod8w9vEamsLNnt\nh2tKavlnVaKIKWHsx53JR9PnELZsz0StRfYw7xFc/diLc0rYx4wCAGTowKbi4E+1\nCxmYC4p4bwcaIc0HhOeCzP+u+2XC4//3I5gc8I59InGc8ijXZ5BE7SmkXFipUvkw\nAuUlxzPRrTUBwbEYNJdCaId5rqKpk3pNsJaTf1eS6vK5fhz8PeaBw74GvfiyjeVs\nqe43AoIBAFBdyaLAtAFFvNkwdhUmC/xZZb24Kd00B4LYL4kpQP2ZWBlBlejrUdbV\nOx6G6oVVTrpRxJUJXcq46RXufNl7BEJb87pp6EB11FBEdK8QCUJpscMG2mhs0ydv\nARVBsO+22OSRyYEx2GAVoHdxaZIsFRALFQMAUznBifcruojAzT+V8I2UdDx0ynJc\nm/VnyWlrOQEot0WSrGloLbuVI+O/vLzRkhglJEPplqeh1nOAP9g9tBCoXPn6xYfp\nj0vWPuTiOc6yKM2nIE1bI0D32o5PvcczJKw3M5Kpc8fWmW0mc3sZveHBl/YpPGd6\nVM0qnVd4FMgPi2Pt4b3zWT3DhcIND0g=\n-----END PRIVATE KEY-----\n",
            "public_key_fingerprint_md5": "97:0f:3f:40:33:51:4c:85:a5:36:79:b6:8f:9c:0c:d3",
            "public_key_fingerprint_sha256": "SHA256:ncClNML6je3EkfE295/tim70j+qYQ8+6i6vGCIFo3lg",
            "public_key_openssh": "ssh-rsa AAAAB3NzaC1yc2EAAAADAQABAAACAQCyxO+/v4Vjc/GMyvWWrq0OEB7jJErI0g1PtK1f3uoDnby7dxEgGGGEfqOsjm09gvh4SIZ+nRn1f1qAUl/S+sk8I225TN19aZHG1l9dw0UPK6LX5DFIIgPvUKLrDrutEh3fykqnscpWH5mAsQBOASERYhLO9iwKQNM1x01Aqf5o3JfqPEJogclOo/LEL/9ymMaOVtc0OEY380/dMZ1RvU4lyvhUu3Da8isbSdjzP1mWbs9IbGdN0mn/0snwpifE8drQHQo1U9iTpDEm0hAH5yofC2P3JkvZaXmqIWTtUFRjwVyR0rSZuaNvfJnzx/J8tVVa/SxjQWWSD+hrD6n4xQ3pczgZNiaW9ggeyGH1vR0uo6dRNgYO8co2T5t95jkwUTyc/feXZTWFB/qypJxXIGpVyhO6It4x5huP8wi0GTFHBB65607cjUsrIzTDWJgP+5B8vJJQNgs2LoyglBEAuA60qIlgSAk6Kqb1we7Yk4b5Lm3Q4LAqOa1JIL/p3oYybbjIN1QEmGKCrG7LPzo8wRIjpmDOQMZfoC/ks8a85YCbszlcxEEViYZEqcP746IHS/OIlRT9y2YeiUOh841w6gf8q+OlUJV5L5PbCUk+DieGvXrsvLvrvEiJAnyTg3J1JxkDGzskCrHeJyDgSl/qwXL9t6K+YJDItQsK1v7QBlp4ZQ==\n",
            "public_key_pem": "-----BEGIN PUBLIC KEY-----\nMIICIjANBgkqhkiG9w0BAQEFAAOCAg8AMIICCgKCAgEAssTvv7+FY3PxjMr1lq6t\nDhAe4yRKyNINT7StX97qA528u3cRIBhhhH6jrI5tPYL4eEiGfp0Z9X9agFJf0vrJ\nPCNtuUzdfWmRxtZfXcNFDyui1+QxSCID71Ci6w67rRId38pKp7HKVh+ZgLEATgEh\nEWISzvYsCkDTNcdNQKn+aNyX6jxCaIHJTqPyxC//cpjGjlbXNDhGN/NP3TGdUb1O\nJcr4VLtw2vIrG0nY8z9Zlm7PSGxnTdJp/9LJ8KYnxPHa0B0KNVPYk6QxJtIQB+cq\nHwtj9yZL2Wl5qiFk7VBUY8FckdK0mbmjb3yZ88fyfLVVWv0sY0Flkg/oaw+p+MUN\n6XM4GTYmlvYIHshh9b0dLqOnUTYGDvHKNk+bfeY5MFE8nP33l2U1hQf6sqScVyBq\nVcoTuiLeMeYbj/MItBkxRwQeuetO3I1LKyM0w1iYD/uQfLySUDYLNi6MoJQRALgO\ntKiJYEgJOiqm9cHu2JOG+S5t0OCwKjmtSSC/6d6GMm24yDdUBJhigqxuyz86PMES\nI6ZgzkDGX6Av5LPGvOWAm7M5XMRBFYmGRKnD++OiB0vziJUU/ctmHolDofONcOoH\n/KvjpVCVeS+T2wlJPg4nhr167Ly767xIiQJ8k4NydScZAxs7JAqx3icg4Epf6sFy\n/beivmCQyLULCtb+0AZaeGUCAwEAAQ==\n-----END PUBLIC KEY-----\n",
            "rsa_bits": 4096
          },
          "sensitive_attributes": [
            [
              {
                "type": "get_attr",
                "value": "private_key_openssh"
              }
            ],
            [
              {
                "type": "get_attr",
                "value": "private_key_pem"
              }
            ],
            [
              {
                "type": "get_attr",
                "value": "private_key_pem_pkcs8"
              }
            ]
          ],
          "identity_schema_version": 0
        }
      ]
    }
  ],
  "check_results": null
}
